// !$*UTF8*$!
{
	archiveVersion = 1;
	classes = {
	};
	objectVersion = 46;
	objects = {

/* Begin PBXBuildFile section */
		12A98ABF198C060800061DC4 /* Foundation.framework in Frameworks */ = {isa = PBXBuildFile; fileRef = 12A98ABE198C060800061DC4 /* Foundation.framework */; };
		12A98AC1198C060800061DC4 /* CoreGraphics.framework in Frameworks */ = {isa = PBXBuildFile; fileRef = 12A98AC0198C060800061DC4 /* CoreGraphics.framework */; };
		12A98AC3198C060800061DC4 /* UIKit.framework in Frameworks */ = {isa = PBXBuildFile; fileRef = 12A98AC2198C060800061DC4 /* UIKit.framework */; };
		12A98AC9198C060800061DC4 /* InfoPlist.strings in Resources */ = {isa = PBXBuildFile; fileRef = 12A98AC7198C060800061DC4 /* InfoPlist.strings */; };
		12A98ACB198C060800061DC4 /* main.m in Sources */ = {isa = PBXBuildFile; fileRef = 12A98ACA198C060800061DC4 /* main.m */; };
		12A98ACF198C060800061DC4 /* AppDelegate.m in Sources */ = {isa = PBXBuildFile; fileRef = 12A98ACE198C060800061DC4 /* AppDelegate.m */; };
		12A98AD2198C060800061DC4 /* Main.storyboard in Resources */ = {isa = PBXBuildFile; fileRef = 12A98AD0198C060800061DC4 /* Main.storyboard */; };
		12A98AD5198C060800061DC4 /* ViewController.m in Sources */ = {isa = PBXBuildFile; fileRef = 12A98AD4198C060800061DC4 /* ViewController.m */; };
		12A98AD7198C060800061DC4 /* Images.xcassets in Resources */ = {isa = PBXBuildFile; fileRef = 12A98AD6198C060800061DC4 /* Images.xcassets */; };
		12A98ADE198C060800061DC4 /* XCTest.framework in Frameworks */ = {isa = PBXBuildFile; fileRef = 12A98ADD198C060800061DC4 /* XCTest.framework */; };
		12A98ADF198C060800061DC4 /* Foundation.framework in Frameworks */ = {isa = PBXBuildFile; fileRef = 12A98ABE198C060800061DC4 /* Foundation.framework */; };
		12A98AE0198C060800061DC4 /* UIKit.framework in Frameworks */ = {isa = PBXBuildFile; fileRef = 12A98AC2198C060800061DC4 /* UIKit.framework */; };
		12A98AE8198C060800061DC4 /* InfoPlist.strings in Resources */ = {isa = PBXBuildFile; fileRef = 12A98AE6198C060800061DC4 /* InfoPlist.strings */; };
		12A98AEA198C060800061DC4 /* drawing_appTests.m in Sources */ = {isa = PBXBuildFile; fileRef = 12A98AE9198C060800061DC4 /* drawing_appTests.m */; };
		12A98AF5198C240C00061DC4 /* ViewController2.m in Sources */ = {isa = PBXBuildFile; fileRef = 12A98AF4198C240C00061DC4 /* ViewController2.m */; };
/* End PBXBuildFile section */

/* Begin PBXContainerItemProxy section */
		12A98AE1198C060800061DC4 /* PBXContainerItemProxy */ = {
			isa = PBXContainerItemProxy;
			containerPortal = 12A98AB3198C060800061DC4 /* Project object */;
			proxyType = 1;
			remoteGlobalIDString = 12A98ABA198C060800061DC4;
			remoteInfo = "drawing app";
		};
/* End PBXContainerItemProxy section */

/* Begin PBXFileReference section */
		12A98ABB198C060800061DC4 /* drawing app.app */ = {isa = PBXFileReference; explicitFileType = wrapper.application; includeInIndex = 0; path = "drawing app.app"; sourceTree = BUILT_PRODUCTS_DIR; };
		12A98ABE198C060800061DC4 /* Foundation.framework */ = {isa = PBXFileReference; lastKnownFileType = wrapper.framework; name = Foundation.framework; path = System/Library/Frameworks/Foundation.framework; sourceTree = SDKROOT; };
		12A98AC0198C060800061DC4 /* CoreGraphics.framework */ = {isa = PBXFileReference; lastKnownFileType = wrapper.framework; name = CoreGraphics.framework; path = System/Library/Frameworks/CoreGraphics.framework; sourceTree = SDKROOT; };
		12A98AC2198C060800061DC4 /* UIKit.framework */ = {isa = PBXFileReference; lastKnownFileType = wrapper.framework; name = UIKit.framework; path = System/Library/Frameworks/UIKit.framework; sourceTree = SDKROOT; };
		12A98AC6198C060800061DC4 /* drawing app-Info.plist */ = {isa = PBXFileReference; lastKnownFileType = text.plist.xml; path = "drawing app-Info.plist"; sourceTree = "<group>"; };
		12A98AC8198C060800061DC4 /* en */ = {isa = PBXFileReference; lastKnownFileType = text.plist.strings; name = en; path = en.lproj/InfoPlist.strings; sourceTree = "<group>"; };
		12A98ACA198C060800061DC4 /* main.m */ = {isa = PBXFileReference; lastKnownFileType = sourcecode.c.objc; path = main.m; sourceTree = "<group>"; };
		12A98ACC198C060800061DC4 /* drawing app-Prefix.pch */ = {isa = PBXFileReference; lastKnownFileType = sourcecode.c.h; path = "drawing app-Prefix.pch"; sourceTree = "<group>"; };
		12A98ACD198C060800061DC4 /* AppDelegate.h */ = {isa = PBXFileReference; lastKnownFileType = sourcecode.c.h; path = AppDelegate.h; sourceTree = "<group>"; };
		12A98ACE198C060800061DC4 /* AppDelegate.m */ = {isa = PBXFileReference; lastKnownFileType = sourcecode.c.objc; path = AppDelegate.m; sourceTree = "<group>"; };
		12A98AD1198C060800061DC4 /* Base */ = {isa = PBXFileReference; lastKnownFileType = file.storyboard; name = Base; path = Base.lproj/Main.storyboard; sourceTree = "<group>"; };
		12A98AD3198C060800061DC4 /* ViewController.h */ = {isa = PBXFileReference; lastKnownFileType = sourcecode.c.h; path = ViewController.h; sourceTree = "<group>"; };
		12A98AD4198C060800061DC4 /* ViewController.m */ = {isa = PBXFileReference; lastKnownFileType = sourcecode.c.objc; path = ViewController.m; sourceTree = "<group>"; };
		12A98AD6198C060800061DC4 /* Images.xcassets */ = {isa = PBXFileReference; lastKnownFileType = folder.assetcatalog; path = Images.xcassets; sourceTree = "<group>"; };
		12A98ADC198C060800061DC4 /* drawing appTests.xctest */ = {isa = PBXFileReference; explicitFileType = wrapper.cfbundle; includeInIndex = 0; path = "drawing appTests.xctest"; sourceTree = BUILT_PRODUCTS_DIR; };
		12A98ADD198C060800061DC4 /* XCTest.framework */ = {isa = PBXFileReference; lastKnownFileType = wrapper.framework; name = XCTest.framework; path = Library/Frameworks/XCTest.framework; sourceTree = DEVELOPER_DIR; };
		12A98AE5198C060800061DC4 /* drawing appTests-Info.plist */ = {isa = PBXFileReference; lastKnownFileType = text.plist.xml; path = "drawing appTests-Info.plist"; sourceTree = "<group>"; };
		12A98AE7198C060800061DC4 /* en */ = {isa = PBXFileReference; lastKnownFileType = text.plist.strings; name = en; path = en.lproj/InfoPlist.strings; sourceTree = "<group>"; };
		12A98AE9198C060800061DC4 /* drawing_appTests.m */ = {isa = PBXFileReference; lastKnownFileType = sourcecode.c.objc; path = drawing_appTests.m; sourceTree = "<group>"; };
		12A98AF3198C240C00061DC4 /* ViewController2.h */ = {isa = PBXFileReference; fileEncoding = 4; lastKnownFileType = sourcecode.c.h; path = ViewController2.h; sourceTree = "<group>"; };
		12A98AF4198C240C00061DC4 /* ViewController2.m */ = {isa = PBXFileReference; fileEncoding = 4; lastKnownFileType = sourcecode.c.objc; path = ViewController2.m; sourceTree = "<group>"; };
/* End PBXFileReference section */

/* Begin PBXFrameworksBuildPhase section */
		12A98AB8198C060800061DC4 /* Frameworks */ = {
			isa = PBXFrameworksBuildPhase;
			buildActionMask = 2147483647;
			files = (
				12A98AC1198C060800061DC4 /* CoreGraphics.framework in Frameworks */,
				12A98AC3198C060800061DC4 /* UIKit.framework in Frameworks */,
				12A98ABF198C060800061DC4 /* Foundation.framework in Frameworks */,
			);
			runOnlyForDeploymentPostprocessing = 0;
		};
		12A98AD9198C060800061DC4 /* Frameworks */ = {
			isa = PBXFrameworksBuildPhase;
			buildActionMask = 2147483647;
			files = (
				12A98ADE198C060800061DC4 /* XCTest.framework in Frameworks */,
				12A98AE0198C060800061DC4 /* UIKit.framework in Frameworks */,
				12A98ADF198C060800061DC4 /* Foundation.framework in Frameworks */,
			);
			runOnlyForDeploymentPostprocessing = 0;
		};
/* End PBXFrameworksBuildPhase section */

/* Begin PBXGroup section */
		12A98AB2198C060800061DC4 = {
			isa = PBXGroup;
			children = (
				12A98AC4198C060800061DC4 /* drawing app */,
				12A98AE3198C060800061DC4 /* drawing appTests */,
				12A98ABD198C060800061DC4 /* Frameworks */,
				12A98ABC198C060800061DC4 /* Products */,
			);
			sourceTree = "<group>";
		};
		12A98ABC198C060800061DC4 /* Products */ = {
			isa = PBXGroup;
			children = (
				12A98ABB198C060800061DC4 /* drawing app.app */,
				12A98ADC198C060800061DC4 /* drawing appTests.xctest */,
			);
			name = Products;
			sourceTree = "<group>";
		};
		12A98ABD198C060800061DC4 /* Frameworks */ = {
			isa = PBXGroup;
			children = (
				12A98ABE198C060800061DC4 /* Foundation.framework */,
				12A98AC0198C060800061DC4 /* CoreGraphics.framework */,
				12A98AC2198C060800061DC4 /* UIKit.framework */,
				12A98ADD198C060800061DC4 /* XCTest.framework */,
			);
			name = Frameworks;
			sourceTree = "<group>";
		};
		12A98AC4198C060800061DC4 /* drawing app */ = {
			isa = PBXGroup;
			children = (
				12A98ACD198C060800061DC4 /* AppDelegate.h */,
				12A98ACE198C060800061DC4 /* AppDelegate.m */,
				12A98AD0198C060800061DC4 /* Main.storyboard */,
				12A98AD3198C060800061DC4 /* ViewController.h */,
				12A98AD4198C060800061DC4 /* ViewController.m */,
				12A98AF3198C240C00061DC4 /* ViewController2.h */,
				12A98AF4198C240C00061DC4 /* ViewController2.m */,
				12A98AD6198C060800061DC4 /* Images.xcassets */,
				12A98AC5198C060800061DC4 /* Supporting Files */,
			);
			path = "drawing app";
			sourceTree = "<group>";
		};
		12A98AC5198C060800061DC4 /* Supporting Files */ = {
			isa = PBXGroup;
			children = (
				12A98AC6198C060800061DC4 /* drawing app-Info.plist */,
				12A98AC7198C060800061DC4 /* InfoPlist.strings */,
				12A98ACA198C060800061DC4 /* main.m */,
				12A98ACC198C060800061DC4 /* drawing app-Prefix.pch */,
			);
			name = "Supporting Files";
			sourceTree = "<group>";
		};
		12A98AE3198C060800061DC4 /* drawing appTests */ = {
			isa = PBXGroup;
			children = (
				12A98AE9198C060800061DC4 /* drawing_appTests.m */,
				12A98AE4198C060800061DC4 /* Supporting Files */,
			);
			path = "drawing appTests";
			sourceTree = "<group>";
		};
		12A98AE4198C060800061DC4 /* Supporting Files */ = {
			isa = PBXGroup;
			children = (
				12A98AE5198C060800061DC4 /* drawing appTests-Info.plist */,
				12A98AE6198C060800061DC4 /* InfoPlist.strings */,
			);
			name = "Supporting Files";
			sourceTree = "<group>";
		};
/* End PBXGroup section */

/* Begin PBXNativeTarget section */
		12A98ABA198C060800061DC4 /* drawing app */ = {
			isa = PBXNativeTarget;
			buildConfigurationList = 12A98AED198C060800061DC4 /* Build configuration list for PBXNativeTarget "drawing app" */;
			buildPhases = (
				12A98AB7198C060800061DC4 /* Sources */,
				12A98AB8198C060800061DC4 /* Frameworks */,
				12A98AB9198C060800061DC4 /* Resources */,
			);
			buildRules = (
			);
			dependencies = (
			);
			name = "drawing app";
			productName = "drawing app";
			productReference = 12A98ABB198C060800061DC4 /* drawing app.app */;
			productType = "com.apple.product-type.application";
		};
		12A98ADB198C060800061DC4 /* drawing appTests */ = {
			isa = PBXNativeTarget;
			buildConfigurationList = 12A98AF0198C060800061DC4 /* Build configuration list for PBXNativeTarget "drawing appTests" */;
			buildPhases = (
				12A98AD8198C060800061DC4 /* Sources */,
				12A98AD9198C060800061DC4 /* Frameworks */,
				12A98ADA198C060800061DC4 /* Resources */,
			);
			buildRules = (
			);
			dependencies = (
				12A98AE2198C060800061DC4 /* PBXTargetDependency */,
			);
			name = "drawing appTests";
			productName = "drawing appTests";
			productReference = 12A98ADC198C060800061DC4 /* drawing appTests.xctest */;
			productType = "com.apple.product-type.bundle.unit-test";
		};
/* End PBXNativeTarget section */

/* Begin PBXProject section */
		12A98AB3198C060800061DC4 /* Project object */ = {
			isa = PBXProject;
			attributes = {
				LastUpgradeCheck = 0510;
				ORGANIZATIONNAME = kai.don.aldag;
				TargetAttributes = {
					12A98ADB198C060800061DC4 = {
						TestTargetID = 12A98ABA198C060800061DC4;
					};
				};
			};
			buildConfigurationList = 12A98AB6198C060800061DC4 /* Build configuration list for PBXProject "drawing app" */;
			compatibilityVersion = "Xcode 3.2";
			developmentRegion = English;
			hasScannedForEncodings = 0;
			knownRegions = (
				en,
				Base,
			);
			mainGroup = 12A98AB2198C060800061DC4;
			productRefGroup = 12A98ABC198C060800061DC4 /* Products */;
			projectDirPath = "";
			projectRoot = "";
			targets = (
				12A98ABA198C060800061DC4 /* drawing app */,
				12A98ADB198C060800061DC4 /* drawing appTests */,
			);
		};
/* End PBXProject section */

/* Begin PBXResourcesBuildPhase section */
		12A98AB9198C060800061DC4 /* Resources */ = {
			isa = PBXResourcesBuildPhase;
			buildActionMask = 2147483647;
			files = (
				12A98AD7198C060800061DC4 /* Images.xcassets in Resources */,
				12A98AC9198C060800061DC4 /* InfoPlist.strings in Resources */,
				12A98AD2198C060800061DC4 /* Main.storyboard in Resources */,
			);
			runOnlyForDeploymentPostprocessing = 0;
		};
		12A98ADA198C060800061DC4 /* Resources */ = {
			isa = PBXResourcesBuildPhase;
			buildActionMask = 2147483647;
			files = (
				12A98AE8198C060800061DC4 /* InfoPlist.strings in Resources */,
			);
			runOnlyForDeploymentPostprocessing = 0;
		};
/* End PBXResourcesBuildPhase section */

/* Begin PBXSourcesBuildPhase section */
		12A98AB7198C060800061DC4 /* Sources */ = {
			isa = PBXSourcesBuildPhase;
			buildActionMask = 2147483647;
			files = (
				12A98AD5198C060800061DC4 /* ViewController.m in Sources */,
				12A98AF5198C240C00061DC4 /* ViewController2.m in Sources */,
				12A98ACF198C060800061DC4 /* AppDelegate.m in Sources */,
				12A98ACB198C060800061DC4 /* main.m in Sources */,
			);
			runOnlyForDeploymentPostprocessing = 0;
		};
		12A98AD8198C060800061DC4 /* Sources */ = {
			isa = PBXSourcesBuildPhase;
			buildActionMask = 2147483647;
			files = (
				12A98AEA198C060800061DC4 /* drawing_appTests.m in Sources */,
			);
			runOnlyForDeploymentPostprocessing = 0;
		};
/* End PBXSourcesBuildPhase section */

/* Begin PBXTargetDependency section */
		12A98AE2198C060800061DC4 /* PBXTargetDependency */ = {
			isa = PBXTargetDependency;
			target = 12A98ABA198C060800061DC4 /* drawing app */;
			targetProxy = 12A98AE1198C060800061DC4 /* PBXContainerItemProxy */;
		};
/* End PBXTargetDependency section */

/* Begin PBXVariantGroup section */
		12A98AC7198C060800061DC4 /* InfoPlist.strings */ = {
			isa = PBXVariantGroup;
			children = (
				12A98AC8198C060800061DC4 /* en */,
			);
			name = InfoPlist.strings;
			sourceTree = "<group>";
		};
		12A98AD0198C060800061DC4 /* Main.storyboard */ = {
			isa = PBXVariantGroup;
			children = (
				12A98AD1198C060800061DC4 /* Base */,
			);
			name = Main.storyboard;
			sourceTree = "<group>";
		};
		12A98AE6198C060800061DC4 /* InfoPlist.strings */ = {
			isa = PBXVariantGroup;
			children = (
				12A98AE7198C060800061DC4 /* en */,
			);
			name = InfoPlist.strings;
			sourceTree = "<group>";
		};
/* End PBXVariantGroup section */

/* Begin XCBuildConfiguration section */
		12A98AEB198C060800061DC4 /* Debug */ = {
			isa = XCBuildConfiguration;
			buildSettings = {
				ALWAYS_SEARCH_USER_PATHS = NO;
				CLANG_CXX_LANGUAGE_STANDARD = "gnu++0x";
				CLANG_CXX_LIBRARY = "libc++";
				CLANG_ENABLE_MODULES = YES;
				CLANG_ENABLE_OBJC_ARC = YES;
				CLANG_WARN_BOOL_CONVERSION = YES;
				CLANG_WARN_CONSTANT_CONVERSION = YES;
				CLANG_WARN_DIRECT_OBJC_ISA_USAGE = YES_ERROR;
				CLANG_WARN_EMPTY_BODY = YES;
				CLANG_WARN_ENUM_CONVERSION = YES;
				CLANG_WARN_INT_CONVERSION = YES;
				CLANG_WARN_OBJC_ROOT_CLASS = YES_ERROR;
				CLANG_WARN__DUPLICATE_METHOD_MATCH = YES;
				"CODE_SIGN_IDENTITY[sdk=iphoneos*]" = "iPhone Developer";
				COPY_PHASE_STRIP = NO;
				GCC_C_LANGUAGE_STANDARD = gnu99;
				GCC_DYNAMIC_NO_PIC = NO;
				GCC_OPTIMIZATION_LEVEL = 0;
				GCC_PREPROCESSOR_DEFINITIONS = (
					"DEBUG=1",
					"$(inherited)",
				);
				GCC_SYMBOLS_PRIVATE_EXTERN = NO;
				GCC_WARN_64_TO_32_BIT_CONVERSION = YES;
				GCC_WARN_ABOUT_RETURN_TYPE = YES_ERROR;
				GCC_WARN_UNDECLARED_SELECTOR = YES;
				GCC_WARN_UNINITIALIZED_AUTOS = YES_AGGRESSIVE;
				GCC_WARN_UNUSED_FUNCTION = YES;
				GCC_WARN_UNUSED_VARIABLE = YES;
				IPHONEOS_DEPLOYMENT_TARGET = 7.1;
				ONLY_ACTIVE_ARCH = YES;
				SDKROOT = iphoneos;
			};
			name = Debug;
		};
		12A98AEC198C060800061DC4 /* Release */ = {
			isa = XCBuildConfiguration;
			buildSettings = {
				ALWAYS_SEARCH_USER_PATHS = NO;
				CLANG_CXX_LANGUAGE_STANDARD = "gnu++0x";
				CLANG_CXX_LIBRARY = "libc++";
				CLANG_ENABLE_MODULES = YES;
				CLANG_ENABLE_OBJC_ARC = YES;
				CLANG_WARN_BOOL_CONVERSION = YES;
				CLANG_WARN_CONSTANT_CONVERSION = YES;
				CLANG_WARN_DIRECT_OBJC_ISA_USAGE = YES_ERROR;
				CLANG_WARN_EMPTY_BODY = YES;
				CLANG_WARN_ENUM_CONVERSION = YES;
				CLANG_WARN_INT_CONVERSION = YES;
				CLANG_WARN_OBJC_ROOT_CLASS = YES_ERROR;
				CLANG_WARN__DUPLICATE_METHOD_MATCH = YES;
				"CODE_SIGN_IDENTITY[sdk=iphoneos*]" = "iPhone Developer";
				COPY_PHASE_STRIP = YES;
				ENABLE_NS_ASSERTIONS = NO;
				GCC_C_LANGUAGE_STANDARD = gnu99;
				GCC_WARN_64_TO_32_BIT_CONVERSION = YES;
				GCC_WARN_ABOUT_RETURN_TYPE = YES_ERROR;
				GCC_WARN_UNDECLARED_SELECTOR = YES;
				GCC_WARN_UNINITIALIZED_AUTOS = YES_AGGRESSIVE;
				GCC_WARN_UNUSED_FUNCTION = YES;
				GCC_WARN_UNUSED_VARIABLE = YES;
				IPHONEOS_DEPLOYMENT_TARGET = 7.1;
				SDKROOT = iphoneos;
				VALIDATE_PRODUCT = YES;
			};
			name = Release;
		};
		12A98AEE198C060800061DC4 /* Debug */ = {
			isa = XCBuildConfiguration;
			buildSettings = {
				ASSETCATALOG_COMPILER_APPICON_NAME = AppIcon;
				ASSETCATALOG_COMPILER_LAUNCHIMAGE_NAME = LaunchImage;
				GCC_PRECOMPILE_PREFIX_HEADER = YES;
				GCC_PREFIX_HEADER = "drawing app/drawing app-Prefix.pch";
				INFOPLIST_FILE = "drawing app/drawing app-Info.plist";
				PRODUCT_NAME = "$(TARGET_NAME)";
				WRAPPER_EXTENSION = app;
			};
			name = Debug;
		};
		12A98AEF198C060800061DC4 /* Release */ = {
			isa = XCBuildConfiguration;
			buildSettings = {
				ASSETCATALOG_COMPILER_APPICON_NAME = AppIcon;
				ASSETCATALOG_COMPILER_LAUNCHIMAGE_NAME = LaunchImage;
				GCC_PRECOMPILE_PREFIX_HEADER = YES;
				GCC_PREFIX_HEADER = "drawing app/drawing app-Prefix.pch";
				INFOPLIST_FILE = "drawing app/drawing app-Info.plist";
				PRODUCT_NAME = "$(TARGET_NAME)";
				WRAPPER_EXTENSION = app;
			};
			name = Release;
		};
		12A98AF1198C060800061DC4 /* Debug */ = {
			isa = XCBuildConfiguration;
			buildSettings = {
				BUNDLE_LOADER = "$(BUILT_PRODUCTS_DIR)/drawing app.app/drawing app";
				FRAMEWORK_SEARCH_PATHS = (
					"$(SDKROOT)/Developer/Library/Frameworks",
					"$(inherited)",
					"$(DEVELOPER_FRAMEWORKS_DIR)",
				);
				GCC_PRECOMPILE_PREFIX_HEADER = YES;
				GCC_PREFIX_HEADER = "drawing app/drawing app-Prefix.pch";
				GCC_PREPROCESSOR_DEFINITIONS = (
					"DEBUG=1",
					"$(inherited)",
				);
				INFOPLIST_FILE = "drawing appTests/drawing appTests-Info.plist";
				PRODUCT_NAME = "$(TARGET_NAME)";
				TEST_HOST = "$(BUNDLE_LOADER)";
				WRAPPER_EXTENSION = xctest;
			};
			name = Debug;
		};
		12A98AF2198C060800061DC4 /* Release */ = {
			isa = XCBuildConfiguration;
			buildSettings = {
				BUNDLE_LOADER = "$(BUILT_PRODUCTS_DIR)/drawing app.app/drawing app";
				FRAMEWORK_SEARCH_PATHS = (
					"$(SDKROOT)/Developer/Library/Frameworks",
					"$(inherited)",
					"$(DEVELOPER_FRAMEWORKS_DIR)",
				);
				GCC_PRECOMPILE_PREFIX_HEADER = YES;
				GCC_PREFIX_HEADER = "drawing app/drawing app-Prefix.pch";
				INFOPLIST_FILE = "drawing appTests/drawing appTests-Info.plist";
				PRODUCT_NAME = "$(TARGET_NAME)";
				TEST_HOST = "$(BUNDLE_LOADER)";
				WRAPPER_EXTENSION = xctest;
			};
			name = Release;
		};
/* End XCBuildConfiguration section */

/* Begin XCConfigurationList section */
		12A98AB6198C060800061DC4 /* Build configuration list for PBXProject "drawing app" */ = {
			isa = XCConfigurationList;
			buildConfigurations = (
				12A98AEB198C060800061DC4 /* Debug */,
				12A98AEC198C060800061DC4 /* Release */,
			);
			defaultConfigurationIsVisible = 0;
			defaultConfigurationName = Release;
		};
		12A98AED198C060800061DC4 /* Build configuration list for PBXNativeTarget "drawing app" */ = {
			isa = XCConfigurationList;
			buildConfigurations = (
				12A98AEE198C060800061DC4 /* Debug */,
				12A98AEF198C060800061DC4 /* Release */,
			);
			defaultConfigurationIsVisible = 0;
		};
		12A98AF0198C060800061DC4 /* Build configuration list for PBXNativeTarget "drawing appTests" */ = {
			isa = XCConfigurationList;
			buildConfigurations = (
				12A98AF1198C060800061DC4 /* Debug */,
				12A98AF2198C060800061DC4 /* Release */,
			);
			defaultConfigurationIsVisible = 0;
		};
/* End XCConfigurationList section */
	};
	rootObject = 12A98AB3198C060800061DC4 /* Project object */;
}
